
Microsoft Visual Studio Solution File, Format Version 12.00
# Visual Studio Version 17
VisualStudioVersion = 17.5.33530.505
MinimumVisualStudioVersion = 10.0.40219.1
Project("{9A19103F-16F7-4668-BE54-9A1E7A4F7556}") = "BBCAD.Itself", "BBCAD.Itself\BBCAD.Itself.csproj", "{73543EEF-3526-4EB6-9710-9F011DF628B6}"
EndProject
Project("{9A19103F-16F7-4668-BE54-9A1E7A4F7556}") = "BBCAD.API", "BBCAD.API\BBCAD.API.csproj", "{7E5E1151-3008-465D-9E6B-61A0119E30CB}"
EndProject
Project("{9A19103F-16F7-4668-BE54-9A1E7A4F7556}") = "BBCAD.Tests", "BBCAD.Tests\BBCAD.Tests.csproj", "{5791C3F3-4E1B-42C3-8B0D-EAA361D6FE74}"
EndProject
Project("{2150E333-8FDC-42A3-9474-1A3956D46DE8}") = "Solution Items", "Solution Items", "{94E59907-9EAC-4E2B-A2BA-E07C48D5007C}"
	ProjectSection(SolutionItems) = preProject
		appspec.yml = appspec.yml
	EndProjectSection
EndProject
Project("{9A19103F-16F7-4668-BE54-9A1E7A4F7556}") = "BBCAD.Data", "BBCAD.Data\BBCAD.Data.csproj", "{93A138F1-9AC6-4A3C-BE8A-62C27AC43014}"
EndProject
Project("{9A19103F-16F7-4668-BE54-9A1E7A4F7556}") = "BBCAD.Core", "BBCAD.Core\BBCAD.Core.csproj", "{56104D10-C9BA-4BF3-B907-9064B01E4074}"
EndProject
Project("{FAE04EC0-301F-11D3-BF4B-00C04F79EFBC}") = "BBCAD.Site", "BBCAD.Site\BBCAD.Site.csproj", "{C4FCDA12-3D15-464F-93C6-AA34161358C5}"
EndProject
Global
	GlobalSection(SolutionConfigurationPlatforms) = preSolution
		Debug|Any CPU = Debug|Any CPU
		Release|Any CPU = Release|Any CPU
	EndGlobalSection
	GlobalSection(ProjectConfigurationPlatforms) = postSolution
		{73543EEF-3526-4EB6-9710-9F011DF628B6}.Debug|Any CPU.ActiveCfg = Debug|Any CPU
		{73543EEF-3526-4EB6-9710-9F011DF628B6}.Debug|Any CPU.Build.0 = Debug|Any CPU
		{73543EEF-3526-4EB6-9710-9F011DF628B6}.Release|Any CPU.ActiveCfg = Release|Any CPU
		{73543EEF-3526-4EB6-9710-9F011DF628B6}.Release|Any CPU.Build.0 = Release|Any CPU
		{7E5E1151-3008-465D-9E6B-61A0119E30CB}.Debug|Any CPU.ActiveCfg = Debug|Any CPU
		{7E5E1151-3008-465D-9E6B-61A0119E30CB}.Debug|Any CPU.Build.0 = Debug|Any CPU
		{7E5E1151-3008-465D-9E6B-61A0119E30CB}.Release|Any CPU.ActiveCfg = Release|Any CPU
		{7E5E1151-3008-465D-9E6B-61A0119E30CB}.Release|Any CPU.Build.0 = Release|Any CPU
		{5791C3F3-4E1B-42C3-8B0D-EAA361D6FE74}.Debug|Any CPU.ActiveCfg = Debug|Any CPU
		{5791C3F3-4E1B-42C3-8B0D-EAA361D6FE74}.Debug|Any CPU.Build.0 = Debug|Any CPU
		{5791C3F3-4E1B-42C3-8B0D-EAA361D6FE74}.Release|Any CPU.ActiveCfg = Release|Any CPU
		{5791C3F3-4E1B-42C3-8B0D-EAA361D6FE74}.Release|Any CPU.Build.0 = Release|Any CPU
		{93A138F1-9AC6-4A3C-BE8A-62C27AC43014}.Debug|Any CPU.ActiveCfg = Debug|Any CPU
		{93A138F1-9AC6-4A3C-BE8A-62C27AC43014}.Debug|Any CPU.Build.0 = Debug|Any CPU
		{93A138F1-9AC6-4A3C-BE8A-62C27AC43014}.Release|Any CPU.ActiveCfg = Release|Any CPU
		{93A138F1-9AC6-4A3C-BE8A-62C27AC43014}.Release|Any CPU.Build.0 = Release|Any CPU
		{56104D10-C9BA-4BF3-B907-9064B01E4074}.Debug|Any CPU.ActiveCfg = Debug|Any CPU
		{56104D10-C9BA-4BF3-B907-9064B01E4074}.Debug|Any CPU.Build.0 = Debug|Any CPU
		{56104D10-C9BA-4BF3-B907-9064B01E4074}.Release|Any CPU.ActiveCfg = Release|Any CPU
		{56104D10-C9BA-4BF3-B907-9064B01E4074}.Release|Any CPU.Build.0 = Release|Any CPU
		{C4FCDA12-3D15-464F-93C6-AA34161358C5}.Debug|Any CPU.ActiveCfg = Debug|Any CPU
		{C4FCDA12-3D15-464F-93C6-AA34161358C5}.Debug|Any CPU.Build.0 = Debug|Any CPU
		{C4FCDA12-3D15-464F-93C6-AA34161358C5}.Release|Any CPU.ActiveCfg = Release|Any CPU
		{C4FCDA12-3D15-464F-93C6-AA34161358C5}.Release|Any CPU.Build.0 = Release|Any CPU
	EndGlobalSection
	GlobalSection(SolutionProperties) = preSolution
		HideSolutionNode = FALSE
	EndGlobalSection
	GlobalSection(ExtensibilityGlobals) = postSolution
		SolutionGuid = {518D040F-2111-4F7A-9D34-A2C62FBC70A7}
	EndGlobalSection
EndGlobal
